// !$*UTF8*$!
{
	archiveVersion = 1;
	classes = {
	};
	objectVersion = 56;
	objects = {

/* Begin PBXBuildFile section */
		5B0B4F692D157B80005AD427 /* NetworkAvatar.swift in Sources */ = {isa = PBXBuildFile; fileRef = 5B0B4F682D157B80005AD427 /* NetworkAvatar.swift */; };
		5B0B4F6B2D158208005AD427 /* ArtDetailView.swift in Sources */ = {isa = PBXBuildFile; fileRef = 5B0B4F6A2D158208005AD427 /* ArtDetailView.swift */; };
		5B0B4F6D2D15A712005AD427 /* CustomButton.swift in Sources */ = {isa = PBXBuildFile; fileRef = 5B0B4F6C2D15A712005AD427 /* CustomButton.swift */; };
		5B0B4F712D167F53005AD427 /* MacOsCarouselView.swift in Sources */ = {isa = PBXBuildFile; fileRef = 5B0B4F702D167F53005AD427 /* MacOsCarouselView.swift */; };
		5B0B4F752D167FCA005AD427 /* CarouselCard.swift in Sources */ = {isa = PBXBuildFile; fileRef = 5B0B4F742D167FCA005AD427 /* CarouselCard.swift */; };
		5B0B4F772D1680B0005AD427 /* NetworkImageView.swift in Sources */ = {isa = PBXBuildFile; fileRef = 5B0B4F762D1680B0005AD427 /* NetworkImageView.swift */; };
		5B0B4F792D168EEE005AD427 /* GameBackgroundImageView.swift in Sources */ = {isa = PBXBuildFile; fileRef = 5B0B4F782D168EEE005AD427 /* GameBackgroundImageView.swift */; };
		5B1421672D13D84700032861 /* BackgroundArt.swift in Sources */ = {isa = PBXBuildFile; fileRef = 5B1421662D13D84700032861 /* BackgroundArt.swift */; };
		5B14219D2D14443300032861 /* ParallaxCarouselView.swift in Sources */ = {isa = PBXBuildFile; fileRef = 5B14219C2D14443300032861 /* ParallaxCarouselView.swift */; };
		5B14219F2D147C1D00032861 /* AboutView.swift in Sources */ = {isa = PBXBuildFile; fileRef = 5B14219E2D147C1D00032861 /* AboutView.swift */; };
		5B1421A12D147CAF00032861 /* CustomLabel.swift in Sources */ = {isa = PBXBuildFile; fileRef = 5B1421A02D147CAF00032861 /* CustomLabel.swift */; };
		5B36F5DE2D20358300D318A6 /* GamesListView.swift in Sources */ = {isa = PBXBuildFile; fileRef = 5B36F5DD2D20358300D318A6 /* GamesListView.swift */; };
		5B75E6E52D109D0D009D2C80 /* i2048App.swift in Sources */ = {isa = PBXBuildFile; fileRef = 5B75E6E42D109D0D009D2C80 /* i2048App.swift */; };
		5B75E6E72D109D0D009D2C80 /* ContentView.swift in Sources */ = {isa = PBXBuildFile; fileRef = 5B75E6E62D109D0D009D2C80 /* ContentView.swift */; };
		5B75E6E92D109D0F009D2C80 /* Assets.xcassets in Resources */ = {isa = PBXBuildFile; fileRef = 5B75E6E82D109D0F009D2C80 /* Assets.xcassets */; };
		5B75E6ED2D109D0F009D2C80 /* Preview Assets.xcassets in Resources */ = {isa = PBXBuildFile; fileRef = 5B75E6EC2D109D0F009D2C80 /* Preview Assets.xcassets */; };
		5B75E6F72D109D0F009D2C80 /* i2048Tests.swift in Sources */ = {isa = PBXBuildFile; fileRef = 5B75E6F62D109D0F009D2C80 /* i2048Tests.swift */; };
		5B75E7012D109D0F009D2C80 /* i2048UITests.swift in Sources */ = {isa = PBXBuildFile; fileRef = 5B75E7002D109D0F009D2C80 /* i2048UITests.swift */; };
		5B75E7032D109D0F009D2C80 /* i2048UITestsLaunchTests.swift in Sources */ = {isa = PBXBuildFile; fileRef = 5B75E7022D109D0F009D2C80 /* i2048UITestsLaunchTests.swift */; };
		5B75E7102D109D46009D2C80 /* Game.swift in Sources */ = {isa = PBXBuildFile; fileRef = 5B75E70F2D109D45009D2C80 /* Game.swift */; };
		5B75E7972D11857D009D2C80 /* ColorExtension.swift in Sources */ = {isa = PBXBuildFile; fileRef = 5B75E7962D11857D009D2C80 /* ColorExtension.swift */; };
		5B75E79A2D11B0CA009D2C80 /* GameController.swift in Sources */ = {isa = PBXBuildFile; fileRef = 5B75E7992D11B0CA009D2C80 /* GameController.swift */; };
		5B75E79F2D11D2DB009D2C80 /* GameCardView.swift in Sources */ = {isa = PBXBuildFile; fileRef = 5B75E79E2D11D2DB009D2C80 /* GameCardView.swift */; };
		5B75E7A12D11E43B009D2C80 /* keyboardReactionModifier.swift in Sources */ = {isa = PBXBuildFile; fileRef = 5B75E7A02D11E43B009D2C80 /* keyboardReactionModifier.swift */; };
		5B75E7A32D11E495009D2C80 /* wndAccessorModifier.swift in Sources */ = {isa = PBXBuildFile; fileRef = 5B75E7A22D11E495009D2C80 /* wndAccessorModifier.swift */; };
		5B75E7A52D11E4FE009D2C80 /* KeyCode.swift in Sources */ = {isa = PBXBuildFile; fileRef = 5B75E7A42D11E4FE009D2C80 /* KeyCode.swift */; };
		5BBA510D2D18446A00B4D169 /* CacheManager.swift in Sources */ = {isa = PBXBuildFile; fileRef = 5BBA510C2D18446A00B4D169 /* CacheManager.swift */; };
		5BBA51102D18457300B4D169 /* Kingfisher in Frameworks */ = {isa = PBXBuildFile; productRef = 5BBA510F2D18457300B4D169 /* Kingfisher */; };
		5BBA51122D18FB8C00B4D169 /* DateExtenstion.swift in Sources */ = {isa = PBXBuildFile; fileRef = 5BBA51112D18FB8C00B4D169 /* DateExtenstion.swift */; };
		5BBA51182D19D24F00B4D169 /* GameViewControllsView.swift in Sources */ = {isa = PBXBuildFile; fileRef = 5BBA51172D19D24F00B4D169 /* GameViewControllsView.swift */; };
		5BBA511C2D1A4A7600B4D169 /* ArtistView.swift in Sources */ = {isa = PBXBuildFile; fileRef = 5BBA511B2D1A4A7600B4D169 /* ArtistView.swift */; };
		5BBA511E2D1B0EB700B4D169 /* GamesMigrationPlan.swift in Sources */ = {isa = PBXBuildFile; fileRef = 5BBA511D2D1B0EB700B4D169 /* GamesMigrationPlan.swift */; };
		5BE9A8BA2D2132B500B6945F /* AddGameView.swift in Sources */ = {isa = PBXBuildFile; fileRef = 5BE9A8B92D2132B500B6945F /* AddGameView.swift */; };
		5BE9A8BC2D213F0700B6945F /* ArrayExtension.swift in Sources */ = {isa = PBXBuildFile; fileRef = 5BE9A8BB2D213F0700B6945F /* ArrayExtension.swift */; };
		5BED5FEC2D12E4880085968B /* KeyboardKeyButton.swift in Sources */ = {isa = PBXBuildFile; fileRef = 5BED5FEB2D12E4880085968B /* KeyboardKeyButton.swift */; };
		5BED5FEF2D12F77B0085968B /* UserDefaultsManager.swift in Sources */ = {isa = PBXBuildFile; fileRef = 5BED5FEE2D12F77B0085968B /* UserDefaultsManager.swift */; };
		5BED5FF12D12FD5E0085968B /* SettingsView.swift in Sources */ = {isa = PBXBuildFile; fileRef = 5BED5FF02D12FD5E0085968B /* SettingsView.swift */; };
		5BED5FF42D130E140085968B /* GeneralSettingsView.swift in Sources */ = {isa = PBXBuildFile; fileRef = 5BED5FF32D130E140085968B /* GeneralSettingsView.swift */; };
		5BED60002D1373E50085968B /* MotionManager.swift in Sources */ = {isa = PBXBuildFile; fileRef = 5BED5FFF2D1373E40085968B /* MotionManager.swift */; };
		5BED60022D138F220085968B /* BackgroundArtManager.swift in Sources */ = {isa = PBXBuildFile; fileRef = 5BED60012D138F220085968B /* BackgroundArtManager.swift */; };
		5BED60042D138F870085968B /* BackgroundArtSettings.swift in Sources */ = {isa = PBXBuildFile; fileRef = 5BED60032D138F870085968B /* BackgroundArtSettings.swift */; };
		5BF194062D2384A4006C6471 /* SwiftUIExtensions.swift in Sources */ = {isa = PBXBuildFile; fileRef = 5BF194052D2384A4006C6471 /* SwiftUIExtensions.swift */; };
		5BF1940E2D238501006C6471 /* IdentifiedBlock.swift in Sources */ = {isa = PBXBuildFile; fileRef = 5BF1940C2D238501006C6471 /* IdentifiedBlock.swift */; };
		5BF1940F2D238501006C6471 /* BlockMatrix.swift in Sources */ = {isa = PBXBuildFile; fileRef = 5BF1940A2D238501006C6471 /* BlockMatrix.swift */; };
		5BF194142D238556006C6471 /* BlockView.swift in Sources */ = {isa = PBXBuildFile; fileRef = 5BF194112D238556006C6471 /* BlockView.swift */; };
		5BF194152D238556006C6471 /* BlockGridView.swift in Sources */ = {isa = PBXBuildFile; fileRef = 5BF194122D238556006C6471 /* BlockGridView.swift */; };
		5BF194162D238556006C6471 /* AnimatedGameView.swift in Sources */ = {isa = PBXBuildFile; fileRef = 5BF194132D238556006C6471 /* AnimatedGameView.swift */; };
/* End PBXBuildFile section */

/* Begin PBXContainerItemProxy section */
		5B75E6F32D109D0F009D2C80 /* PBXContainerItemProxy */ = {
			isa = PBXContainerItemProxy;
			containerPortal = 5B75E6D92D109D0D009D2C80 /* Project object */;
			proxyType = 1;
			remoteGlobalIDString = 5B75E6E02D109D0D009D2C80;
			remoteInfo = i2048;
		};
		5B75E6FD2D109D0F009D2C80 /* PBXContainerItemProxy */ = {
			isa = PBXContainerItemProxy;
			containerPortal = 5B75E6D92D109D0D009D2C80 /* Project object */;
			proxyType = 1;
			remoteGlobalIDString = 5B75E6E02D109D0D009D2C80;
			remoteInfo = i2048;
		};
/* End PBXContainerItemProxy section */

/* Begin PBXFileReference section */
		5B0B4F682D157B80005AD427 /* NetworkAvatar.swift */ = {isa = PBXFileReference; lastKnownFileType = sourcecode.swift; path = NetworkAvatar.swift; sourceTree = "<group>"; };
		5B0B4F6A2D158208005AD427 /* ArtDetailView.swift */ = {isa = PBXFileReference; lastKnownFileType = sourcecode.swift; path = ArtDetailView.swift; sourceTree = "<group>"; };
		5B0B4F6C2D15A712005AD427 /* CustomButton.swift */ = {isa = PBXFileReference; lastKnownFileType = sourcecode.swift; path = CustomButton.swift; sourceTree = "<group>"; };
		5B0B4F702D167F53005AD427 /* MacOsCarouselView.swift */ = {isa = PBXFileReference; lastKnownFileType = sourcecode.swift; path = MacOsCarouselView.swift; sourceTree = "<group>"; };
		5B0B4F742D167FCA005AD427 /* CarouselCard.swift */ = {isa = PBXFileReference; lastKnownFileType = sourcecode.swift; path = CarouselCard.swift; sourceTree = "<group>"; };
		5B0B4F762D1680B0005AD427 /* NetworkImageView.swift */ = {isa = PBXFileReference; lastKnownFileType = sourcecode.swift; path = NetworkImageView.swift; sourceTree = "<group>"; };
		5B0B4F782D168EEE005AD427 /* GameBackgroundImageView.swift */ = {isa = PBXFileReference; lastKnownFileType = sourcecode.swift; path = GameBackgroundImageView.swift; sourceTree = "<group>"; };
		5B0B4F7A2D16AC06005AD427 /* Info.plist */ = {isa = PBXFileReference; lastKnownFileType = text.plist; path = Info.plist; sourceTree = "<group>"; };
		5B1421422D13D27700032861 /* ImageData.json */ = {isa = PBXFileReference; lastKnownFileType = text.json; path = ImageData.json; sourceTree = "<group>"; };
		5B1421472D13D3B700032861 /* Green-Valley.jpg */ = {isa = PBXFileReference; lastKnownFileType = image.jpeg; path = "Green-Valley.jpg"; sourceTree = "<group>"; };
		5B1421482D13D3B700032861 /* Preview-Desert-Sunset.jpg */ = {isa = PBXFileReference; lastKnownFileType = image.jpeg; path = "Preview-Desert-Sunset.jpg"; sourceTree = "<group>"; };
		5B1421492D13D3B700032861 /* Autumn-in-the-mountains.jpg */ = {isa = PBXFileReference; lastKnownFileType = image.jpeg; path = "Autumn-in-the-mountains.jpg"; sourceTree = "<group>"; };
		5B14214A2D13D3B700032861 /* Preview-Autumn-in-the-mountains.jpg */ = {isa = PBXFileReference; lastKnownFileType = image.jpeg; path = "Preview-Autumn-in-the-mountains.jpg"; sourceTree = "<group>"; };
		5B14214B2D13D3B700032861 /* Antarctica-expedition.jpg */ = {isa = PBXFileReference; lastKnownFileType = image.jpeg; path = "Antarctica-expedition.jpg"; sourceTree = "<group>"; };
		5B14214C2D13D3B700032861 /* Preview-Lake-House.jpg */ = {isa = PBXFileReference; lastKnownFileType = image.jpeg; path = "Preview-Lake-House.jpg"; sourceTree = "<group>"; };
		5B14214D2D13D3B700032861 /* Preview-Life-on-Lake-Como.jpg */ = {isa = PBXFileReference; lastKnownFileType = image.jpeg; path = "Preview-Life-on-Lake-Como.jpg"; sourceTree = "<group>"; };
		5B14214E2D13D3B700032861 /* Crop-duster.jpg */ = {isa = PBXFileReference; lastKnownFileType = image.jpeg; path = "Crop-duster.jpg"; sourceTree = "<group>"; };
		5B14214F2D13D3B700032861 /* Preview-Antarctica-expedition.jpg */ = {isa = PBXFileReference; lastKnownFileType = image.jpeg; path = "Preview-Antarctica-expedition.jpg"; sourceTree = "<group>"; };
		5B1421502D13D3B700032861 /* Desert-Sunset.jpg */ = {isa = PBXFileReference; lastKnownFileType = image.jpeg; path = "Desert-Sunset.jpg"; sourceTree = "<group>"; };
		5B1421512D13D3B700032861 /* Tennis-court-at-the-villa.jpg */ = {isa = PBXFileReference; lastKnownFileType = image.jpeg; path = "Tennis-court-at-the-villa.jpg"; sourceTree = "<group>"; };
		5B1421522D13D3B700032861 /* Preview-Green-Valley.jpg */ = {isa = PBXFileReference; lastKnownFileType = image.jpeg; path = "Preview-Green-Valley.jpg"; sourceTree = "<group>"; };
		5B1421532D13D3B700032861 /* Preview-Retro-Car.jpg */ = {isa = PBXFileReference; lastKnownFileType = image.jpeg; path = "Preview-Retro-Car.jpg"; sourceTree = "<group>"; };
		5B1421542D13D3B700032861 /* Golden-Hour-in-Sicily.jpg */ = {isa = PBXFileReference; lastKnownFileType = image.jpeg; path = "Golden-Hour-in-Sicily.jpg"; sourceTree = "<group>"; };
		5B1421552D13D3B700032861 /* Lake-Lugano's-landscape.jpg */ = {isa = PBXFileReference; lastKnownFileType = image.jpeg; path = "Lake-Lugano's-landscape.jpg"; sourceTree = "<group>"; };
		5B1421562D13D3B700032861 /* Camping-on-the-beach.jpg */ = {isa = PBXFileReference; lastKnownFileType = image.jpeg; path = "Camping-on-the-beach.jpg"; sourceTree = "<group>"; };
		5B1421572D13D3B700032861 /* Preview-Golf-Course.jpg */ = {isa = PBXFileReference; lastKnownFileType = image.jpeg; path = "Preview-Golf-Course.jpg"; sourceTree = "<group>"; };
		5B1421582D13D3B700032861 /* Preview-Winery-in-Tuscany.jpg */ = {isa = PBXFileReference; lastKnownFileType = image.jpeg; path = "Preview-Winery-in-Tuscany.jpg"; sourceTree = "<group>"; };
		5B1421592D13D3B700032861 /* Preview-Lake-Lugano's-landscape.jpg */ = {isa = PBXFileReference; lastKnownFileType = image.jpeg; path = "Preview-Lake-Lugano's-landscape.jpg"; sourceTree = "<group>"; };
		5B14215A2D13D3B700032861 /* Winery-in-Tuscany.jpg */ = {isa = PBXFileReference; lastKnownFileType = image.jpeg; path = "Winery-in-Tuscany.jpg"; sourceTree = "<group>"; };
		5B14215B2D13D3B800032861 /* Golf-Course.jpg */ = {isa = PBXFileReference; lastKnownFileType = image.jpeg; path = "Golf-Course.jpg"; sourceTree = "<group>"; };
		5B14215C2D13D3B800032861 /* Corn-Farm.jpg */ = {isa = PBXFileReference; lastKnownFileType = image.jpeg; path = "Corn-Farm.jpg"; sourceTree = "<group>"; };
		5B14215D2D13D3B800032861 /* Lake-House.jpg */ = {isa = PBXFileReference; lastKnownFileType = image.jpeg; path = "Lake-House.jpg"; sourceTree = "<group>"; };
		5B14215E2D13D3B800032861 /* Preview-Crop-duster.jpg */ = {isa = PBXFileReference; lastKnownFileType = image.jpeg; path = "Preview-Crop-duster.jpg"; sourceTree = "<group>"; };
		5B14215F2D13D3B800032861 /* Retro-Car.jpg */ = {isa = PBXFileReference; lastKnownFileType = image.jpeg; path = "Retro-Car.jpg"; sourceTree = "<group>"; };
		5B1421602D13D3B800032861 /* Preview-Tennis-court-at-the-villa.jpg */ = {isa = PBXFileReference; lastKnownFileType = image.jpeg; path = "Preview-Tennis-court-at-the-villa.jpg"; sourceTree = "<group>"; };
		5B1421612D13D3B800032861 /* Life-on-Lake-Como.jpg */ = {isa = PBXFileReference; lastKnownFileType = image.jpeg; path = "Life-on-Lake-Como.jpg"; sourceTree = "<group>"; };
		5B1421622D13D3B800032861 /* Preview-Camping-on-the-beach.jpg */ = {isa = PBXFileReference; lastKnownFileType = image.jpeg; path = "Preview-Camping-on-the-beach.jpg"; sourceTree = "<group>"; };
		5B1421632D13D3B800032861 /* Preview-Golden-Hour-in-Sicily.jpg */ = {isa = PBXFileReference; lastKnownFileType = image.jpeg; path = "Preview-Golden-Hour-in-Sicily.jpg"; sourceTree = "<group>"; };
		5B1421642D13D3B800032861 /* Preview-Corn-Farm.jpg */ = {isa = PBXFileReference; lastKnownFileType = image.jpeg; path = "Preview-Corn-Farm.jpg"; sourceTree = "<group>"; };
		5B1421652D13D47C00032861 /* ProfileImage.jpg */ = {isa = PBXFileReference; lastKnownFileType = image.jpeg; path = ProfileImage.jpg; sourceTree = "<group>"; };
		5B1421662D13D84700032861 /* BackgroundArt.swift */ = {isa = PBXFileReference; lastKnownFileType = sourcecode.swift; path = BackgroundArt.swift; sourceTree = "<group>"; };
		5B14219C2D14443300032861 /* ParallaxCarouselView.swift */ = {isa = PBXFileReference; lastKnownFileType = sourcecode.swift; path = ParallaxCarouselView.swift; sourceTree = "<group>"; };
		5B14219E2D147C1D00032861 /* AboutView.swift */ = {isa = PBXFileReference; lastKnownFileType = sourcecode.swift; path = AboutView.swift; sourceTree = "<group>"; };
		5B1421A02D147CAF00032861 /* CustomLabel.swift */ = {isa = PBXFileReference; lastKnownFileType = sourcecode.swift; path = CustomLabel.swift; sourceTree = "<group>"; };
		5B36F5DD2D20358300D318A6 /* GamesListView.swift */ = {isa = PBXFileReference; lastKnownFileType = sourcecode.swift; path = GamesListView.swift; sourceTree = "<group>"; };
		5B75E6E12D109D0D009D2C80 /* i2048.app */ = {isa = PBXFileReference; explicitFileType = wrapper.application; includeInIndex = 0; path = i2048.app; sourceTree = BUILT_PRODUCTS_DIR; };
		5B75E6E42D109D0D009D2C80 /* i2048App.swift */ = {isa = PBXFileReference; lastKnownFileType = sourcecode.swift; path = i2048App.swift; sourceTree = "<group>"; };
		5B75E6E62D109D0D009D2C80 /* ContentView.swift */ = {isa = PBXFileReference; lastKnownFileType = sourcecode.swift; path = ContentView.swift; sourceTree = "<group>"; };
		5B75E6E82D109D0F009D2C80 /* Assets.xcassets */ = {isa = PBXFileReference; lastKnownFileType = folder.assetcatalog; path = Assets.xcassets; sourceTree = "<group>"; };
		5B75E6EA2D109D0F009D2C80 /* i2048.entitlements */ = {isa = PBXFileReference; lastKnownFileType = text.plist.entitlements; path = i2048.entitlements; sourceTree = "<group>"; };
		5B75E6EC2D109D0F009D2C80 /* Preview Assets.xcassets */ = {isa = PBXFileReference; lastKnownFileType = folder.assetcatalog; path = "Preview Assets.xcassets"; sourceTree = "<group>"; };
		5B75E6F22D109D0F009D2C80 /* i2048Tests.xctest */ = {isa = PBXFileReference; explicitFileType = wrapper.cfbundle; includeInIndex = 0; path = i2048Tests.xctest; sourceTree = BUILT_PRODUCTS_DIR; };
		5B75E6F62D109D0F009D2C80 /* i2048Tests.swift */ = {isa = PBXFileReference; lastKnownFileType = sourcecode.swift; path = i2048Tests.swift; sourceTree = "<group>"; };
		5B75E6FC2D109D0F009D2C80 /* i2048UITests.xctest */ = {isa = PBXFileReference; explicitFileType = wrapper.cfbundle; includeInIndex = 0; path = i2048UITests.xctest; sourceTree = BUILT_PRODUCTS_DIR; };
		5B75E7002D109D0F009D2C80 /* i2048UITests.swift */ = {isa = PBXFileReference; lastKnownFileType = sourcecode.swift; path = i2048UITests.swift; sourceTree = "<group>"; };
		5B75E7022D109D0F009D2C80 /* i2048UITestsLaunchTests.swift */ = {isa = PBXFileReference; lastKnownFileType = sourcecode.swift; path = i2048UITestsLaunchTests.swift; sourceTree = "<group>"; };
		5B75E70F2D109D45009D2C80 /* Game.swift */ = {isa = PBXFileReference; lastKnownFileType = sourcecode.swift; path = Game.swift; sourceTree = "<group>"; };
		5B75E7962D11857D009D2C80 /* ColorExtension.swift */ = {isa = PBXFileReference; lastKnownFileType = sourcecode.swift; path = ColorExtension.swift; sourceTree = "<group>"; };
		5B75E7992D11B0CA009D2C80 /* GameController.swift */ = {isa = PBXFileReference; lastKnownFileType = sourcecode.swift; path = GameController.swift; sourceTree = "<group>"; };
		5B75E79E2D11D2DB009D2C80 /* GameCardView.swift */ = {isa = PBXFileReference; lastKnownFileType = sourcecode.swift; path = GameCardView.swift; sourceTree = "<group>"; };
		5B75E7A02D11E43B009D2C80 /* keyboardReactionModifier.swift */ = {isa = PBXFileReference; lastKnownFileType = sourcecode.swift; path = keyboardReactionModifier.swift; sourceTree = "<group>"; };
		5B75E7A22D11E495009D2C80 /* wndAccessorModifier.swift */ = {isa = PBXFileReference; lastKnownFileType = sourcecode.swift; path = wndAccessorModifier.swift; sourceTree = "<group>"; };
		5B75E7A42D11E4FE009D2C80 /* KeyCode.swift */ = {isa = PBXFileReference; lastKnownFileType = sourcecode.swift; path = KeyCode.swift; sourceTree = "<group>"; };
		5BBA510C2D18446A00B4D169 /* CacheManager.swift */ = {isa = PBXFileReference; lastKnownFileType = sourcecode.swift; path = CacheManager.swift; sourceTree = "<group>"; };
		5BBA51112D18FB8C00B4D169 /* DateExtenstion.swift */ = {isa = PBXFileReference; lastKnownFileType = sourcecode.swift; path = DateExtenstion.swift; sourceTree = "<group>"; };
		5BBA51172D19D24F00B4D169 /* GameViewControllsView.swift */ = {isa = PBXFileReference; lastKnownFileType = sourcecode.swift; path = GameViewControllsView.swift; sourceTree = "<group>"; };
		5BBA511B2D1A4A7600B4D169 /* ArtistView.swift */ = {isa = PBXFileReference; lastKnownFileType = sourcecode.swift; path = ArtistView.swift; sourceTree = "<group>"; };
		5BBA511D2D1B0EB700B4D169 /* GamesMigrationPlan.swift */ = {isa = PBXFileReference; lastKnownFileType = sourcecode.swift; path = GamesMigrationPlan.swift; sourceTree = "<group>"; };
		5BE9A8B92D2132B500B6945F /* AddGameView.swift */ = {isa = PBXFileReference; lastKnownFileType = sourcecode.swift; path = AddGameView.swift; sourceTree = "<group>"; };
		5BE9A8BB2D213F0700B6945F /* ArrayExtension.swift */ = {isa = PBXFileReference; lastKnownFileType = sourcecode.swift; path = ArrayExtension.swift; sourceTree = "<group>"; };
		5BED5FEB2D12E4880085968B /* KeyboardKeyButton.swift */ = {isa = PBXFileReference; lastKnownFileType = sourcecode.swift; path = KeyboardKeyButton.swift; sourceTree = "<group>"; };
		5BED5FEE2D12F77B0085968B /* UserDefaultsManager.swift */ = {isa = PBXFileReference; lastKnownFileType = sourcecode.swift; path = UserDefaultsManager.swift; sourceTree = "<group>"; };
		5BED5FF02D12FD5E0085968B /* SettingsView.swift */ = {isa = PBXFileReference; lastKnownFileType = sourcecode.swift; path = SettingsView.swift; sourceTree = "<group>"; };
		5BED5FF32D130E140085968B /* GeneralSettingsView.swift */ = {isa = PBXFileReference; lastKnownFileType = sourcecode.swift; path = GeneralSettingsView.swift; sourceTree = "<group>"; };
		5BED5FFF2D1373E40085968B /* MotionManager.swift */ = {isa = PBXFileReference; fileEncoding = 4; lastKnownFileType = sourcecode.swift; path = MotionManager.swift; sourceTree = "<group>"; };
		5BED60012D138F220085968B /* BackgroundArtManager.swift */ = {isa = PBXFileReference; lastKnownFileType = sourcecode.swift; path = BackgroundArtManager.swift; sourceTree = "<group>"; };
		5BED60032D138F870085968B /* BackgroundArtSettings.swift */ = {isa = PBXFileReference; lastKnownFileType = sourcecode.swift; path = BackgroundArtSettings.swift; sourceTree = "<group>"; };
		5BF194052D2384A4006C6471 /* SwiftUIExtensions.swift */ = {isa = PBXFileReference; lastKnownFileType = sourcecode.swift; path = SwiftUIExtensions.swift; sourceTree = "<group>"; };
		5BF1940A2D238501006C6471 /* BlockMatrix.swift */ = {isa = PBXFileReference; lastKnownFileType = sourcecode.swift; path = BlockMatrix.swift; sourceTree = "<group>"; };
		5BF1940C2D238501006C6471 /* IdentifiedBlock.swift */ = {isa = PBXFileReference; lastKnownFileType = sourcecode.swift; path = IdentifiedBlock.swift; sourceTree = "<group>"; };
		5BF194112D238556006C6471 /* BlockView.swift */ = {isa = PBXFileReference; lastKnownFileType = sourcecode.swift; path = BlockView.swift; sourceTree = "<group>"; };
		5BF194122D238556006C6471 /* BlockGridView.swift */ = {isa = PBXFileReference; lastKnownFileType = sourcecode.swift; path = BlockGridView.swift; sourceTree = "<group>"; };
		5BF194132D238556006C6471 /* AnimatedGameView.swift */ = {isa = PBXFileReference; lastKnownFileType = sourcecode.swift; path = AnimatedGameView.swift; sourceTree = "<group>"; };
/* End PBXFileReference section */

/* Begin PBXFrameworksBuildPhase section */
		5B75E6DE2D109D0D009D2C80 /* Frameworks */ = {
			isa = PBXFrameworksBuildPhase;
			buildActionMask = 2147483647;
			files = (
				5BBA51102D18457300B4D169 /* Kingfisher in Frameworks */,
			);
			runOnlyForDeploymentPostprocessing = 0;
		};
		5B75E6EF2D109D0F009D2C80 /* Frameworks */ = {
			isa = PBXFrameworksBuildPhase;
			buildActionMask = 2147483647;
			files = (
			);
			runOnlyForDeploymentPostprocessing = 0;
		};
		5B75E6F92D109D0F009D2C80 /* Frameworks */ = {
			isa = PBXFrameworksBuildPhase;
			buildActionMask = 2147483647;
			files = (
			);
			runOnlyForDeploymentPostprocessing = 0;
		};
/* End PBXFrameworksBuildPhase section */

/* Begin PBXGroup section */
		5B0B4F722D167F5C005AD427 /* Carousel */ = {
			isa = PBXGroup;
			children = (
				5B0B4F762D1680B0005AD427 /* NetworkImageView.swift */,
				5B14219C2D14443300032861 /* ParallaxCarouselView.swift */,
				5B0B4F702D167F53005AD427 /* MacOsCarouselView.swift */,
			);
			path = Carousel;
			sourceTree = "<group>";
		};
		5B0B4F732D167F73005AD427 /* Button */ = {
			isa = PBXGroup;
			children = (
				5BED5FEB2D12E4880085968B /* KeyboardKeyButton.swift */,
				5B0B4F6C2D15A712005AD427 /* CustomButton.swift */,
			);
			path = Button;
			sourceTree = "<group>";
		};
		5B1421432D13D27700032861 /* Data */ = {
			isa = PBXGroup;
			children = (
				5B1421442D13D28100032861 /* Krestovskaya-Anna */,
				5B1421422D13D27700032861 /* ImageData.json */,
			);
			path = Data;
			sourceTree = "<group>";
		};
		5B1421442D13D28100032861 /* Krestovskaya-Anna */ = {
			isa = PBXGroup;
			children = (
				5B1421652D13D47C00032861 /* ProfileImage.jpg */,
				5B1421452D13D28A00032861 /* Images */,
			);
			path = "Krestovskaya-Anna";
			sourceTree = "<group>";
		};
		5B1421452D13D28A00032861 /* Images */ = {
			isa = PBXGroup;
			children = (
				5B14214B2D13D3B700032861 /* Antarctica-expedition.jpg */,
				5B1421492D13D3B700032861 /* Autumn-in-the-mountains.jpg */,
				5B1421562D13D3B700032861 /* Camping-on-the-beach.jpg */,
				5B14215C2D13D3B800032861 /* Corn-Farm.jpg */,
				5B14214E2D13D3B700032861 /* Crop-duster.jpg */,
				5B1421502D13D3B700032861 /* Desert-Sunset.jpg */,
				5B1421542D13D3B700032861 /* Golden-Hour-in-Sicily.jpg */,
				5B14215B2D13D3B800032861 /* Golf-Course.jpg */,
				5B1421472D13D3B700032861 /* Green-Valley.jpg */,
				5B14215D2D13D3B800032861 /* Lake-House.jpg */,
				5B1421552D13D3B700032861 /* Lake-Lugano's-landscape.jpg */,
				5B1421612D13D3B800032861 /* Life-on-Lake-Como.jpg */,
				5B14214F2D13D3B700032861 /* Preview-Antarctica-expedition.jpg */,
				5B14214A2D13D3B700032861 /* Preview-Autumn-in-the-mountains.jpg */,
				5B1421622D13D3B800032861 /* Preview-Camping-on-the-beach.jpg */,
				5B1421642D13D3B800032861 /* Preview-Corn-Farm.jpg */,
				5B14215E2D13D3B800032861 /* Preview-Crop-duster.jpg */,
				5B1421482D13D3B700032861 /* Preview-Desert-Sunset.jpg */,
				5B1421632D13D3B800032861 /* Preview-Golden-Hour-in-Sicily.jpg */,
				5B1421572D13D3B700032861 /* Preview-Golf-Course.jpg */,
				5B1421522D13D3B700032861 /* Preview-Green-Valley.jpg */,
				5B14214C2D13D3B700032861 /* Preview-Lake-House.jpg */,
				5B1421592D13D3B700032861 /* Preview-Lake-Lugano's-landscape.jpg */,
				5B14214D2D13D3B700032861 /* Preview-Life-on-Lake-Como.jpg */,
				5B1421532D13D3B700032861 /* Preview-Retro-Car.jpg */,
				5B1421602D13D3B800032861 /* Preview-Tennis-court-at-the-villa.jpg */,
				5B1421582D13D3B700032861 /* Preview-Winery-in-Tuscany.jpg */,
				5B14215F2D13D3B800032861 /* Retro-Car.jpg */,
				5B1421512D13D3B700032861 /* Tennis-court-at-the-villa.jpg */,
				5B14215A2D13D3B700032861 /* Winery-in-Tuscany.jpg */,
			);
			path = Images;
			sourceTree = "<group>";
		};
		5B75E6D82D109D0D009D2C80 = {
			isa = PBXGroup;
			children = (
				5B75E6E32D109D0D009D2C80 /* i2048 */,
				5B75E6F52D109D0F009D2C80 /* i2048Tests */,
				5B75E6FF2D109D0F009D2C80 /* i2048UITests */,
				5BBA510E2D18457300B4D169 /* Frameworks */,
				5B75E6E22D109D0D009D2C80 /* Products */,
			);
			sourceTree = "<group>";
		};
		5B75E6E22D109D0D009D2C80 /* Products */ = {
			isa = PBXGroup;
			children = (
				5B75E6E12D109D0D009D2C80 /* i2048.app */,
				5B75E6F22D109D0F009D2C80 /* i2048Tests.xctest */,
				5B75E6FC2D109D0F009D2C80 /* i2048UITests.xctest */,
			);
			name = Products;
			sourceTree = "<group>";
		};
		5B75E6E32D109D0D009D2C80 /* i2048 */ = {
			isa = PBXGroup;
			children = (
				5B0B4F7A2D16AC06005AD427 /* Info.plist */,
				5B75E6E42D109D0D009D2C80 /* i2048App.swift */,
				5B75E7502D10CE82009D2C80 /* Models */,
				5B75E7512D10CE99009D2C80 /* Views */,
				5B75E79B2D11B0DC009D2C80 /* Controller */,
				5B75E7982D118584009D2C80 /* Extensions */,
				5B75E7A62D11EA82009D2C80 /* HotKeys */,
				5BED5FED2D12E4960085968B /* SharedViews */,
				5B1421432D13D27700032861 /* Data */,
				5B75E6E82D109D0F009D2C80 /* Assets.xcassets */,
				5B75E6EA2D109D0F009D2C80 /* i2048.entitlements */,
				5B75E6EB2D109D0F009D2C80 /* Preview Content */,
			);
			path = i2048;
			sourceTree = "<group>";
		};
		5B75E6EB2D109D0F009D2C80 /* Preview Content */ = {
			isa = PBXGroup;
			children = (
				5B75E6EC2D109D0F009D2C80 /* Preview Assets.xcassets */,
			);
			path = "Preview Content";
			sourceTree = "<group>";
		};
		5B75E6F52D109D0F009D2C80 /* i2048Tests */ = {
			isa = PBXGroup;
			children = (
				5B75E6F62D109D0F009D2C80 /* i2048Tests.swift */,
			);
			path = i2048Tests;
			sourceTree = "<group>";
		};
		5B75E6FF2D109D0F009D2C80 /* i2048UITests */ = {
			isa = PBXGroup;
			children = (
				5B75E7002D109D0F009D2C80 /* i2048UITests.swift */,
				5B75E7022D109D0F009D2C80 /* i2048UITestsLaunchTests.swift */,
			);
			path = i2048UITests;
			sourceTree = "<group>";
		};
		5B75E7502D10CE82009D2C80 /* Models */ = {
			isa = PBXGroup;
			children = (
				5BF1940A2D238501006C6471 /* BlockMatrix.swift */,
				5BF1940C2D238501006C6471 /* IdentifiedBlock.swift */,
				5B75E70F2D109D45009D2C80 /* Game.swift */,
				5BBA511D2D1B0EB700B4D169 /* GamesMigrationPlan.swift */,
				5B1421662D13D84700032861 /* BackgroundArt.swift */,
				5B0B4F742D167FCA005AD427 /* CarouselCard.swift */,
			);
			path = Models;
			sourceTree = "<group>";
		};
		5B75E7512D10CE99009D2C80 /* Views */ = {
			isa = PBXGroup;
			children = (
				5BED5FE62D12DB440085968B /* GamesListView */,
				5BF194102D238544006C6471 /* AnimatedGameView */,
				5BED5FF22D130DFD0085968B /* Settings */,
			);
			path = Views;
			sourceTree = "<group>";
		};
		5B75E7982D118584009D2C80 /* Extensions */ = {
			isa = PBXGroup;
			children = (
				5BF194052D2384A4006C6471 /* SwiftUIExtensions.swift */,
				5B75E7962D11857D009D2C80 /* ColorExtension.swift */,
				5BBA51112D18FB8C00B4D169 /* DateExtenstion.swift */,
				5BE9A8BB2D213F0700B6945F /* ArrayExtension.swift */,
			);
			path = Extensions;
			sourceTree = "<group>";
		};
		5B75E79B2D11B0DC009D2C80 /* Controller */ = {
			isa = PBXGroup;
			children = (
				5B75E7992D11B0CA009D2C80 /* GameController.swift */,
				5BED5FEE2D12F77B0085968B /* UserDefaultsManager.swift */,
				5BED5FFF2D1373E40085968B /* MotionManager.swift */,
				5BED60012D138F220085968B /* BackgroundArtManager.swift */,
				5BBA510C2D18446A00B4D169 /* CacheManager.swift */,
			);
			path = Controller;
			sourceTree = "<group>";
		};
		5B75E7A62D11EA82009D2C80 /* HotKeys */ = {
			isa = PBXGroup;
			children = (
				5B75E7A02D11E43B009D2C80 /* keyboardReactionModifier.swift */,
				5B75E7A42D11E4FE009D2C80 /* KeyCode.swift */,
				5B75E7A22D11E495009D2C80 /* wndAccessorModifier.swift */,
			);
			path = HotKeys;
			sourceTree = "<group>";
		};
		5BBA510E2D18457300B4D169 /* Frameworks */ = {
			isa = PBXGroup;
			children = (
			);
			name = Frameworks;
			sourceTree = "<group>";
		};
		5BED5FE62D12DB440085968B /* GamesListView */ = {
			isa = PBXGroup;
			children = (
				5B75E6E62D109D0D009D2C80 /* ContentView.swift */,
				5B36F5DD2D20358300D318A6 /* GamesListView.swift */,
				5B75E79E2D11D2DB009D2C80 /* GameCardView.swift */,
				5BE9A8B92D2132B500B6945F /* AddGameView.swift */,
			);
			path = GamesListView;
			sourceTree = "<group>";
		};
		5BED5FED2D12E4960085968B /* SharedViews */ = {
			isa = PBXGroup;
			children = (
				5B0B4F732D167F73005AD427 /* Button */,
				5B0B4F722D167F5C005AD427 /* Carousel */,
				5B0B4F682D157B80005AD427 /* NetworkAvatar.swift */,
				5B1421A02D147CAF00032861 /* CustomLabel.swift */,
				5BBA511B2D1A4A7600B4D169 /* ArtistView.swift */,
			);
			path = SharedViews;
			sourceTree = "<group>";
		};
		5BED5FF22D130DFD0085968B /* Settings */ = {
			isa = PBXGroup;
			children = (
				5BED5FF02D12FD5E0085968B /* SettingsView.swift */,
				5BED5FF32D130E140085968B /* GeneralSettingsView.swift */,
				5BED60032D138F870085968B /* BackgroundArtSettings.swift */,
				5B0B4F6A2D158208005AD427 /* ArtDetailView.swift */,
				5B14219E2D147C1D00032861 /* AboutView.swift */,
			);
			path = Settings;
			sourceTree = "<group>";
		};
		5BF194102D238544006C6471 /* AnimatedGameView */ = {
			isa = PBXGroup;
			children = (
				5BF194112D238556006C6471 /* BlockView.swift */,
				5BF194122D238556006C6471 /* BlockGridView.swift */,
				5BF194132D238556006C6471 /* AnimatedGameView.swift */,
				5BBA51172D19D24F00B4D169 /* GameViewControllsView.swift */,
				5B0B4F782D168EEE005AD427 /* GameBackgroundImageView.swift */,
			);
			path = AnimatedGameView;
			sourceTree = "<group>";
		};
/* End PBXGroup section */

/* Begin PBXNativeTarget section */
		5B75E6E02D109D0D009D2C80 /* i2048 */ = {
			isa = PBXNativeTarget;
			buildConfigurationList = 5B75E7062D109D0F009D2C80 /* Build configuration list for PBXNativeTarget "i2048" */;
			buildPhases = (
				5B75E6DD2D109D0D009D2C80 /* Sources */,
				5B75E6DE2D109D0D009D2C80 /* Frameworks */,
				5B75E6DF2D109D0D009D2C80 /* Resources */,
			);
			buildRules = (
			);
			dependencies = (
			);
			name = i2048;
			productName = i2048;
			productReference = 5B75E6E12D109D0D009D2C80 /* i2048.app */;
			productType = "com.apple.product-type.application";
		};
		5B75E6F12D109D0F009D2C80 /* i2048Tests */ = {
			isa = PBXNativeTarget;
			buildConfigurationList = 5B75E7092D109D0F009D2C80 /* Build configuration list for PBXNativeTarget "i2048Tests" */;
			buildPhases = (
				5B75E6EE2D109D0F009D2C80 /* Sources */,
				5B75E6EF2D109D0F009D2C80 /* Frameworks */,
				5B75E6F02D109D0F009D2C80 /* Resources */,
			);
			buildRules = (
			);
			dependencies = (
				5B75E6F42D109D0F009D2C80 /* PBXTargetDependency */,
			);
			name = i2048Tests;
			productName = i2048Tests;
			productReference = 5B75E6F22D109D0F009D2C80 /* i2048Tests.xctest */;
			productType = "com.apple.product-type.bundle.unit-test";
		};
		5B75E6FB2D109D0F009D2C80 /* i2048UITests */ = {
			isa = PBXNativeTarget;
			buildConfigurationList = 5B75E70C2D109D0F009D2C80 /* Build configuration list for PBXNativeTarget "i2048UITests" */;
			buildPhases = (
				5B75E6F82D109D0F009D2C80 /* Sources */,
				5B75E6F92D109D0F009D2C80 /* Frameworks */,
				5B75E6FA2D109D0F009D2C80 /* Resources */,
			);
			buildRules = (
			);
			dependencies = (
				5B75E6FE2D109D0F009D2C80 /* PBXTargetDependency */,
			);
			name = i2048UITests;
			productName = i2048UITests;
			productReference = 5B75E6FC2D109D0F009D2C80 /* i2048UITests.xctest */;
			productType = "com.apple.product-type.bundle.ui-testing";
		};
/* End PBXNativeTarget section */

/* Begin PBXProject section */
		5B75E6D92D109D0D009D2C80 /* Project object */ = {
			isa = PBXProject;
			attributes = {
				BuildIndependentTargetsInParallel = 1;
				LastSwiftUpdateCheck = 1540;
				LastUpgradeCheck = 1620;
				TargetAttributes = {
					5B75E6E02D109D0D009D2C80 = {
						CreatedOnToolsVersion = 15.4;
					};
					5B75E6F12D109D0F009D2C80 = {
						CreatedOnToolsVersion = 15.4;
						TestTargetID = 5B75E6E02D109D0D009D2C80;
					};
					5B75E6FB2D109D0F009D2C80 = {
						CreatedOnToolsVersion = 15.4;
						TestTargetID = 5B75E6E02D109D0D009D2C80;
					};
				};
			};
			buildConfigurationList = 5B75E6DC2D109D0D009D2C80 /* Build configuration list for PBXProject "i2048" */;
			compatibilityVersion = "Xcode 14.0";
			developmentRegion = en;
			hasScannedForEncodings = 0;
			knownRegions = (
				en,
				Base,
			);
			mainGroup = 5B75E6D82D109D0D009D2C80;
			packageReferences = (
				5BBA510B2D18428500B4D169 /* XCRemoteSwiftPackageReference "Kingfisher" */,
			);
			productRefGroup = 5B75E6E22D109D0D009D2C80 /* Products */;
			projectDirPath = "";
			projectRoot = "";
			targets = (
				5B75E6E02D109D0D009D2C80 /* i2048 */,
				5B75E6F12D109D0F009D2C80 /* i2048Tests */,
				5B75E6FB2D109D0F009D2C80 /* i2048UITests */,
			);
		};
/* End PBXProject section */

/* Begin PBXResourcesBuildPhase section */
		5B75E6DF2D109D0D009D2C80 /* Resources */ = {
			isa = PBXResourcesBuildPhase;
			buildActionMask = 2147483647;
			files = (
				5B75E6ED2D109D0F009D2C80 /* Preview Assets.xcassets in Resources */,
				5B75E6E92D109D0F009D2C80 /* Assets.xcassets in Resources */,
			);
			runOnlyForDeploymentPostprocessing = 0;
		};
		5B75E6F02D109D0F009D2C80 /* Resources */ = {
			isa = PBXResourcesBuildPhase;
			buildActionMask = 2147483647;
			files = (
			);
			runOnlyForDeploymentPostprocessing = 0;
		};
		5B75E6FA2D109D0F009D2C80 /* Resources */ = {
			isa = PBXResourcesBuildPhase;
			buildActionMask = 2147483647;
			files = (
			);
			runOnlyForDeploymentPostprocessing = 0;
		};
/* End PBXResourcesBuildPhase section */

/* Begin PBXSourcesBuildPhase section */
		5B75E6DD2D109D0D009D2C80 /* Sources */ = {
			isa = PBXSourcesBuildPhase;
			buildActionMask = 2147483647;
			files = (
				5BED60042D138F870085968B /* BackgroundArtSettings.swift in Sources */,
				5BBA511C2D1A4A7600B4D169 /* ArtistView.swift in Sources */,
				5B75E79F2D11D2DB009D2C80 /* GameCardView.swift in Sources */,
				5B0B4F6D2D15A712005AD427 /* CustomButton.swift in Sources */,
				5B75E7A12D11E43B009D2C80 /* keyboardReactionModifier.swift in Sources */,
				5B0B4F752D167FCA005AD427 /* CarouselCard.swift in Sources */,
				5B1421672D13D84700032861 /* BackgroundArt.swift in Sources */,
				5B75E79A2D11B0CA009D2C80 /* GameController.swift in Sources */,
				5BE9A8BA2D2132B500B6945F /* AddGameView.swift in Sources */,
				5B0B4F6B2D158208005AD427 /* ArtDetailView.swift in Sources */,
				5BF194142D238556006C6471 /* BlockView.swift in Sources */,
				5BF194152D238556006C6471 /* BlockGridView.swift in Sources */,
				5BF194162D238556006C6471 /* AnimatedGameView.swift in Sources */,
				5BF1940E2D238501006C6471 /* IdentifiedBlock.swift in Sources */,
				5BF1940F2D238501006C6471 /* BlockMatrix.swift in Sources */,
				5B75E6E72D109D0D009D2C80 /* ContentView.swift in Sources */,
				5B75E7102D109D46009D2C80 /* Game.swift in Sources */,
				5BBA51182D19D24F00B4D169 /* GameViewControllsView.swift in Sources */,
				5BBA510D2D18446A00B4D169 /* CacheManager.swift in Sources */,
				5B1421A12D147CAF00032861 /* CustomLabel.swift in Sources */,
				5B75E7A52D11E4FE009D2C80 /* KeyCode.swift in Sources */,
				5B0B4F692D157B80005AD427 /* NetworkAvatar.swift in Sources */,
				5B36F5DE2D20358300D318A6 /* GamesListView.swift in Sources */,
				5BED60022D138F220085968B /* BackgroundArtManager.swift in Sources */,
				5B0B4F792D168EEE005AD427 /* GameBackgroundImageView.swift in Sources */,
				5B0B4F712D167F53005AD427 /* MacOsCarouselView.swift in Sources */,
				5BED5FF12D12FD5E0085968B /* SettingsView.swift in Sources */,
				5BED5FF42D130E140085968B /* GeneralSettingsView.swift in Sources */,
				5B75E7972D11857D009D2C80 /* ColorExtension.swift in Sources */,
				5BED5FEC2D12E4880085968B /* KeyboardKeyButton.swift in Sources */,
				5BF194062D2384A4006C6471 /* SwiftUIExtensions.swift in Sources */,
				5B14219F2D147C1D00032861 /* AboutView.swift in Sources */,
				5BED5FEF2D12F77B0085968B /* UserDefaultsManager.swift in Sources */,
				5B75E6E52D109D0D009D2C80 /* i2048App.swift in Sources */,
				5BED60002D1373E50085968B /* MotionManager.swift in Sources */,
				5B0B4F772D1680B0005AD427 /* NetworkImageView.swift in Sources */,
				5B75E7A32D11E495009D2C80 /* wndAccessorModifier.swift in Sources */,
				5BBA511E2D1B0EB700B4D169 /* GamesMigrationPlan.swift in Sources */,
				5BBA51122D18FB8C00B4D169 /* DateExtenstion.swift in Sources */,
				5B14219D2D14443300032861 /* ParallaxCarouselView.swift in Sources */,
				5BE9A8BC2D213F0700B6945F /* ArrayExtension.swift in Sources */,
			);
			runOnlyForDeploymentPostprocessing = 0;
		};
		5B75E6EE2D109D0F009D2C80 /* Sources */ = {
			isa = PBXSourcesBuildPhase;
			buildActionMask = 2147483647;
			files = (
				5B75E6F72D109D0F009D2C80 /* i2048Tests.swift in Sources */,
			);
			runOnlyForDeploymentPostprocessing = 0;
		};
		5B75E6F82D109D0F009D2C80 /* Sources */ = {
			isa = PBXSourcesBuildPhase;
			buildActionMask = 2147483647;
			files = (
				5B75E7032D109D0F009D2C80 /* i2048UITestsLaunchTests.swift in Sources */,
				5B75E7012D109D0F009D2C80 /* i2048UITests.swift in Sources */,
			);
			runOnlyForDeploymentPostprocessing = 0;
		};
/* End PBXSourcesBuildPhase section */

/* Begin PBXTargetDependency section */
		5B75E6F42D109D0F009D2C80 /* PBXTargetDependency */ = {
			isa = PBXTargetDependency;
			target = 5B75E6E02D109D0D009D2C80 /* i2048 */;
			targetProxy = 5B75E6F32D109D0F009D2C80 /* PBXContainerItemProxy */;
		};
		5B75E6FE2D109D0F009D2C80 /* PBXTargetDependency */ = {
			isa = PBXTargetDependency;
			target = 5B75E6E02D109D0D009D2C80 /* i2048 */;
			targetProxy = 5B75E6FD2D109D0F009D2C80 /* PBXContainerItemProxy */;
		};
/* End PBXTargetDependency section */

/* Begin XCBuildConfiguration section */
		5B75E7042D109D0F009D2C80 /* Debug */ = {
			isa = XCBuildConfiguration;
			buildSettings = {
				ALWAYS_SEARCH_USER_PATHS = NO;
				ASSETCATALOG_COMPILER_GENERATE_SWIFT_ASSET_SYMBOL_EXTENSIONS = YES;
				CLANG_ANALYZER_NONNULL = YES;
				CLANG_ANALYZER_NUMBER_OBJECT_CONVERSION = YES_AGGRESSIVE;
				CLANG_CXX_LANGUAGE_STANDARD = "gnu++20";
				CLANG_ENABLE_MODULES = YES;
				CLANG_ENABLE_OBJC_ARC = YES;
				CLANG_ENABLE_OBJC_WEAK = YES;
				CLANG_WARN_BLOCK_CAPTURE_AUTORELEASING = YES;
				CLANG_WARN_BOOL_CONVERSION = YES;
				CLANG_WARN_COMMA = YES;
				CLANG_WARN_CONSTANT_CONVERSION = YES;
				CLANG_WARN_DEPRECATED_OBJC_IMPLEMENTATIONS = YES;
				CLANG_WARN_DIRECT_OBJC_ISA_USAGE = YES_ERROR;
				CLANG_WARN_DOCUMENTATION_COMMENTS = YES;
				CLANG_WARN_EMPTY_BODY = YES;
				CLANG_WARN_ENUM_CONVERSION = YES;
				CLANG_WARN_INFINITE_RECURSION = YES;
				CLANG_WARN_INT_CONVERSION = YES;
				CLANG_WARN_NON_LITERAL_NULL_CONVERSION = YES;
				CLANG_WARN_OBJC_IMPLICIT_RETAIN_SELF = YES;
				CLANG_WARN_OBJC_LITERAL_CONVERSION = YES;
				CLANG_WARN_OBJC_ROOT_CLASS = YES_ERROR;
				CLANG_WARN_QUOTED_INCLUDE_IN_FRAMEWORK_HEADER = YES;
				CLANG_WARN_RANGE_LOOP_ANALYSIS = YES;
				CLANG_WARN_STRICT_PROTOTYPES = YES;
				CLANG_WARN_SUSPICIOUS_MOVE = YES;
				CLANG_WARN_UNGUARDED_AVAILABILITY = YES_AGGRESSIVE;
				CLANG_WARN_UNREACHABLE_CODE = YES;
				CLANG_WARN__DUPLICATE_METHOD_MATCH = YES;
				COPY_PHASE_STRIP = NO;
				DEAD_CODE_STRIPPING = YES;
				DEBUG_INFORMATION_FORMAT = dwarf;
				ENABLE_STRICT_OBJC_MSGSEND = YES;
				ENABLE_TESTABILITY = YES;
				ENABLE_USER_SCRIPT_SANDBOXING = YES;
				GCC_C_LANGUAGE_STANDARD = gnu17;
				GCC_DYNAMIC_NO_PIC = NO;
				GCC_NO_COMMON_BLOCKS = YES;
				GCC_OPTIMIZATION_LEVEL = 0;
				GCC_PREPROCESSOR_DEFINITIONS = (
					"DEBUG=1",
					"$(inherited)",
				);
				GCC_WARN_64_TO_32_BIT_CONVERSION = YES;
				GCC_WARN_ABOUT_RETURN_TYPE = YES_ERROR;
				GCC_WARN_UNDECLARED_SELECTOR = YES;
				GCC_WARN_UNINITIALIZED_AUTOS = YES_AGGRESSIVE;
				GCC_WARN_UNUSED_FUNCTION = YES;
				GCC_WARN_UNUSED_VARIABLE = YES;
				LOCALIZATION_PREFERS_STRING_CATALOGS = YES;
				MTL_ENABLE_DEBUG_INFO = INCLUDE_SOURCE;
				MTL_FAST_MATH = YES;
				ONLY_ACTIVE_ARCH = YES;
				SWIFT_ACTIVE_COMPILATION_CONDITIONS = "DEBUG $(inherited)";
				SWIFT_OPTIMIZATION_LEVEL = "-Onone";
			};
			name = Debug;
		};
		5B75E7052D109D0F009D2C80 /* Release */ = {
			isa = XCBuildConfiguration;
			buildSettings = {
				ALWAYS_SEARCH_USER_PATHS = NO;
				ASSETCATALOG_COMPILER_GENERATE_SWIFT_ASSET_SYMBOL_EXTENSIONS = YES;
				CLANG_ANALYZER_NONNULL = YES;
				CLANG_ANALYZER_NUMBER_OBJECT_CONVERSION = YES_AGGRESSIVE;
				CLANG_CXX_LANGUAGE_STANDARD = "gnu++20";
				CLANG_ENABLE_MODULES = YES;
				CLANG_ENABLE_OBJC_ARC = YES;
				CLANG_ENABLE_OBJC_WEAK = YES;
				CLANG_WARN_BLOCK_CAPTURE_AUTORELEASING = YES;
				CLANG_WARN_BOOL_CONVERSION = YES;
				CLANG_WARN_COMMA = YES;
				CLANG_WARN_CONSTANT_CONVERSION = YES;
				CLANG_WARN_DEPRECATED_OBJC_IMPLEMENTATIONS = YES;
				CLANG_WARN_DIRECT_OBJC_ISA_USAGE = YES_ERROR;
				CLANG_WARN_DOCUMENTATION_COMMENTS = YES;
				CLANG_WARN_EMPTY_BODY = YES;
				CLANG_WARN_ENUM_CONVERSION = YES;
				CLANG_WARN_INFINITE_RECURSION = YES;
				CLANG_WARN_INT_CONVERSION = YES;
				CLANG_WARN_NON_LITERAL_NULL_CONVERSION = YES;
				CLANG_WARN_OBJC_IMPLICIT_RETAIN_SELF = YES;
				CLANG_WARN_OBJC_LITERAL_CONVERSION = YES;
				CLANG_WARN_OBJC_ROOT_CLASS = YES_ERROR;
				CLANG_WARN_QUOTED_INCLUDE_IN_FRAMEWORK_HEADER = YES;
				CLANG_WARN_RANGE_LOOP_ANALYSIS = YES;
				CLANG_WARN_STRICT_PROTOTYPES = YES;
				CLANG_WARN_SUSPICIOUS_MOVE = YES;
				CLANG_WARN_UNGUARDED_AVAILABILITY = YES_AGGRESSIVE;
				CLANG_WARN_UNREACHABLE_CODE = YES;
				CLANG_WARN__DUPLICATE_METHOD_MATCH = YES;
				COPY_PHASE_STRIP = NO;
				DEAD_CODE_STRIPPING = YES;
				DEBUG_INFORMATION_FORMAT = "dwarf-with-dsym";
				ENABLE_NS_ASSERTIONS = NO;
				ENABLE_STRICT_OBJC_MSGSEND = YES;
				ENABLE_USER_SCRIPT_SANDBOXING = YES;
				GCC_C_LANGUAGE_STANDARD = gnu17;
				GCC_NO_COMMON_BLOCKS = YES;
				GCC_WARN_64_TO_32_BIT_CONVERSION = YES;
				GCC_WARN_ABOUT_RETURN_TYPE = YES_ERROR;
				GCC_WARN_UNDECLARED_SELECTOR = YES;
				GCC_WARN_UNINITIALIZED_AUTOS = YES_AGGRESSIVE;
				GCC_WARN_UNUSED_FUNCTION = YES;
				GCC_WARN_UNUSED_VARIABLE = YES;
				LOCALIZATION_PREFERS_STRING_CATALOGS = YES;
				MTL_ENABLE_DEBUG_INFO = NO;
				MTL_FAST_MATH = YES;
				SWIFT_COMPILATION_MODE = wholemodule;
			};
			name = Release;
		};
		5B75E7072D109D0F009D2C80 /* Debug */ = {
			isa = XCBuildConfiguration;
			buildSettings = {
				ASSETCATALOG_COMPILER_APPICON_NAME = AppIcon;
				ASSETCATALOG_COMPILER_GLOBAL_ACCENT_COLOR_NAME = AccentColor;
				CODE_SIGN_ENTITLEMENTS = i2048/i2048.entitlements;
				CODE_SIGN_STYLE = Automatic;
				CURRENT_PROJECT_VERSION = 1;
				DEAD_CODE_STRIPPING = YES;
				DEVELOPMENT_ASSET_PATHS = "\"i2048/Preview Content\"";
				DEVELOPMENT_TEAM = HG5RR9BKZR;
				ENABLE_HARDENED_RUNTIME = YES;
				ENABLE_PREVIEWS = YES;
				GENERATE_INFOPLIST_FILE = YES;
				INFOPLIST_FILE = i2048/Info.plist;
				"INFOPLIST_KEY_UIApplicationSceneManifest_Generation[sdk=iphoneos*]" = YES;
				"INFOPLIST_KEY_UIApplicationSceneManifest_Generation[sdk=iphonesimulator*]" = YES;
				"INFOPLIST_KEY_UIApplicationSupportsIndirectInputEvents[sdk=iphoneos*]" = YES;
				"INFOPLIST_KEY_UIApplicationSupportsIndirectInputEvents[sdk=iphonesimulator*]" = YES;
				"INFOPLIST_KEY_UILaunchScreen_Generation[sdk=iphoneos*]" = YES;
				"INFOPLIST_KEY_UILaunchScreen_Generation[sdk=iphonesimulator*]" = YES;
				"INFOPLIST_KEY_UIStatusBarStyle[sdk=iphoneos*]" = UIStatusBarStyleDefault;
				"INFOPLIST_KEY_UIStatusBarStyle[sdk=iphonesimulator*]" = UIStatusBarStyleDefault;
				INFOPLIST_KEY_UISupportedInterfaceOrientations = UIInterfaceOrientationPortrait;
				INFOPLIST_KEY_UISupportedInterfaceOrientations_iPad = "UIInterfaceOrientationLandscapeLeft UIInterfaceOrientationLandscapeRight UIInterfaceOrientationPortrait UIInterfaceOrientationPortraitUpsideDown";
				IPHONEOS_DEPLOYMENT_TARGET = 17.5;
				LD_RUNPATH_SEARCH_PATHS = "@executable_path/Frameworks";
				"LD_RUNPATH_SEARCH_PATHS[sdk=macosx*]" = "@executable_path/../Frameworks";
				MACOSX_DEPLOYMENT_TARGET = 14.6;
				MARKETING_VERSION = 1.0;
				PRODUCT_BUNDLE_IDENTIFIER = in.rishisingh.i2048;
				PRODUCT_NAME = "$(TARGET_NAME)";
				SDKROOT = auto;
				SUPPORTED_PLATFORMS = "iphoneos iphonesimulator macosx";
				SWIFT_EMIT_LOC_STRINGS = YES;
				SWIFT_VERSION = 5.0;
				TARGETED_DEVICE_FAMILY = "1,2";
			};
			name = Debug;
		};
		5B75E7082D109D0F009D2C80 /* Release */ = {
			isa = XCBuildConfiguration;
			buildSettings = {
				ASSETCATALOG_COMPILER_APPICON_NAME = AppIcon;
				ASSETCATALOG_COMPILER_GLOBAL_ACCENT_COLOR_NAME = AccentColor;
				CODE_SIGN_ENTITLEMENTS = i2048/i2048.entitlements;
				CODE_SIGN_STYLE = Automatic;
				CURRENT_PROJECT_VERSION = 1;
				DEAD_CODE_STRIPPING = YES;
				DEVELOPMENT_ASSET_PATHS = "\"i2048/Preview Content\"";
				DEVELOPMENT_TEAM = HG5RR9BKZR;
				ENABLE_HARDENED_RUNTIME = YES;
				ENABLE_PREVIEWS = YES;
				GENERATE_INFOPLIST_FILE = YES;
				INFOPLIST_FILE = i2048/Info.plist;
				"INFOPLIST_KEY_UIApplicationSceneManifest_Generation[sdk=iphoneos*]" = YES;
				"INFOPLIST_KEY_UIApplicationSceneManifest_Generation[sdk=iphonesimulator*]" = YES;
				"INFOPLIST_KEY_UIApplicationSupportsIndirectInputEvents[sdk=iphoneos*]" = YES;
				"INFOPLIST_KEY_UIApplicationSupportsIndirectInputEvents[sdk=iphonesimulator*]" = YES;
				"INFOPLIST_KEY_UILaunchScreen_Generation[sdk=iphoneos*]" = YES;
				"INFOPLIST_KEY_UILaunchScreen_Generation[sdk=iphonesimulator*]" = YES;
				"INFOPLIST_KEY_UIStatusBarStyle[sdk=iphoneos*]" = UIStatusBarStyleDefault;
				"INFOPLIST_KEY_UIStatusBarStyle[sdk=iphonesimulator*]" = UIStatusBarStyleDefault;
				INFOPLIST_KEY_UISupportedInterfaceOrientations = UIInterfaceOrientationPortrait;
				INFOPLIST_KEY_UISupportedInterfaceOrientations_iPad = "UIInterfaceOrientationLandscapeLeft UIInterfaceOrientationLandscapeRight UIInterfaceOrientationPortrait UIInterfaceOrientationPortraitUpsideDown";
				IPHONEOS_DEPLOYMENT_TARGET = 17.5;
				LD_RUNPATH_SEARCH_PATHS = "@executable_path/Frameworks";
				"LD_RUNPATH_SEARCH_PATHS[sdk=macosx*]" = "@executable_path/../Frameworks";
				MACOSX_DEPLOYMENT_TARGET = 14.6;
				MARKETING_VERSION = 1.0;
				PRODUCT_BUNDLE_IDENTIFIER = in.rishisingh.i2048;
				PRODUCT_NAME = "$(TARGET_NAME)";
				SDKROOT = auto;
				SUPPORTED_PLATFORMS = "iphoneos iphonesimulator macosx";
				SWIFT_EMIT_LOC_STRINGS = YES;
				SWIFT_VERSION = 5.0;
				TARGETED_DEVICE_FAMILY = "1,2";
			};
			name = Release;
		};
		5B75E70A2D109D0F009D2C80 /* Debug */ = {
			isa = XCBuildConfiguration;
			buildSettings = {
				BUNDLE_LOADER = "$(TEST_HOST)";
				CODE_SIGN_STYLE = Automatic;
				CURRENT_PROJECT_VERSION = 1;
				DEAD_CODE_STRIPPING = YES;
				DEVELOPMENT_TEAM = HG5RR9BKZR;
				GENERATE_INFOPLIST_FILE = YES;
				IPHONEOS_DEPLOYMENT_TARGET = 17.5;
				MACOSX_DEPLOYMENT_TARGET = 14.5;
				MARKETING_VERSION = 1.0;
				PRODUCT_BUNDLE_IDENTIFIER = in.rishisingh.i2048Tests;
				PRODUCT_NAME = "$(TARGET_NAME)";
				SDKROOT = auto;
				SUPPORTED_PLATFORMS = "iphoneos iphonesimulator macosx";
				SWIFT_EMIT_LOC_STRINGS = NO;
				SWIFT_VERSION = 5.0;
				TARGETED_DEVICE_FAMILY = "1,2";
				TEST_HOST = "$(BUILT_PRODUCTS_DIR)/i2048.app/$(BUNDLE_EXECUTABLE_FOLDER_PATH)/i2048";
			};
			name = Debug;
		};
		5B75E70B2D109D0F009D2C80 /* Release */ = {
			isa = XCBuildConfiguration;
			buildSettings = {
				BUNDLE_LOADER = "$(TEST_HOST)";
				CODE_SIGN_STYLE = Automatic;
				CURRENT_PROJECT_VERSION = 1;
				DEAD_CODE_STRIPPING = YES;
				DEVELOPMENT_TEAM = HG5RR9BKZR;
				GENERATE_INFOPLIST_FILE = YES;
				IPHONEOS_DEPLOYMENT_TARGET = 17.5;
				MACOSX_DEPLOYMENT_TARGET = 14.5;
				MARKETING_VERSION = 1.0;
				PRODUCT_BUNDLE_IDENTIFIER = in.rishisingh.i2048Tests;
				PRODUCT_NAME = "$(TARGET_NAME)";
				SDKROOT = auto;
				SUPPORTED_PLATFORMS = "iphoneos iphonesimulator macosx";
				SWIFT_EMIT_LOC_STRINGS = NO;
				SWIFT_VERSION = 5.0;
				TARGETED_DEVICE_FAMILY = "1,2";
				TEST_HOST = "$(BUILT_PRODUCTS_DIR)/i2048.app/$(BUNDLE_EXECUTABLE_FOLDER_PATH)/i2048";
			};
			name = Release;
		};
		5B75E70D2D109D0F009D2C80 /* Debug */ = {
			isa = XCBuildConfiguration;
			buildSettings = {
				CODE_SIGN_STYLE = Automatic;
				CURRENT_PROJECT_VERSION = 1;
				DEAD_CODE_STRIPPING = YES;
				DEVELOPMENT_TEAM = HG5RR9BKZR;
				GENERATE_INFOPLIST_FILE = YES;
				IPHONEOS_DEPLOYMENT_TARGET = 17.5;
				MACOSX_DEPLOYMENT_TARGET = 14.5;
				MARKETING_VERSION = 1.0;
				PRODUCT_BUNDLE_IDENTIFIER = in.rishisingh.i2048UITests;
				PRODUCT_NAME = "$(TARGET_NAME)";
				SDKROOT = auto;
				SUPPORTED_PLATFORMS = "iphoneos iphonesimulator macosx";
				SWIFT_EMIT_LOC_STRINGS = NO;
				SWIFT_VERSION = 5.0;
				TARGETED_DEVICE_FAMILY = "1,2";
				TEST_TARGET_NAME = i2048;
			};
			name = Debug;
		};
		5B75E70E2D109D0F009D2C80 /* Release */ = {
			isa = XCBuildConfiguration;
			buildSettings = {
				CODE_SIGN_STYLE = Automatic;
				CURRENT_PROJECT_VERSION = 1;
				DEAD_CODE_STRIPPING = YES;
				DEVELOPMENT_TEAM = HG5RR9BKZR;
				GENERATE_INFOPLIST_FILE = YES;
				IPHONEOS_DEPLOYMENT_TARGET = 17.5;
				MACOSX_DEPLOYMENT_TARGET = 14.5;
				MARKETING_VERSION = 1.0;
				PRODUCT_BUNDLE_IDENTIFIER = in.rishisingh.i2048UITests;
				PRODUCT_NAME = "$(TARGET_NAME)";
				SDKROOT = auto;
				SUPPORTED_PLATFORMS = "iphoneos iphonesimulator macosx";
				SWIFT_EMIT_LOC_STRINGS = NO;
				SWIFT_VERSION = 5.0;
				TARGETED_DEVICE_FAMILY = "1,2";
				TEST_TARGET_NAME = i2048;
			};
			name = Release;
		};
/* End XCBuildConfiguration section */

/* Begin XCConfigurationList section */
		5B75E6DC2D109D0D009D2C80 /* Build configuration list for PBXProject "i2048" */ = {
			isa = XCConfigurationList;
			buildConfigurations = (
				5B75E7042D109D0F009D2C80 /* Debug */,
				5B75E7052D109D0F009D2C80 /* Release */,
			);
			defaultConfigurationIsVisible = 0;
			defaultConfigurationName = Release;
		};
		5B75E7062D109D0F009D2C80 /* Build configuration list for PBXNativeTarget "i2048" */ = {
			isa = XCConfigurationList;
			buildConfigurations = (
				5B75E7072D109D0F009D2C80 /* Debug */,
				5B75E7082D109D0F009D2C80 /* Release */,
			);
			defaultConfigurationIsVisible = 0;
			defaultConfigurationName = Release;
		};
		5B75E7092D109D0F009D2C80 /* Build configuration list for PBXNativeTarget "i2048Tests" */ = {
			isa = XCConfigurationList;
			buildConfigurations = (
				5B75E70A2D109D0F009D2C80 /* Debug */,
				5B75E70B2D109D0F009D2C80 /* Release */,
			);
			defaultConfigurationIsVisible = 0;
			defaultConfigurationName = Release;
		};
		5B75E70C2D109D0F009D2C80 /* Build configuration list for PBXNativeTarget "i2048UITests" */ = {
			isa = XCConfigurationList;
			buildConfigurations = (
				5B75E70D2D109D0F009D2C80 /* Debug */,
				5B75E70E2D109D0F009D2C80 /* Release */,
			);
			defaultConfigurationIsVisible = 0;
			defaultConfigurationName = Release;
		};
/* End XCConfigurationList section */

/* Begin XCRemoteSwiftPackageReference section */
		5BBA510B2D18428500B4D169 /* XCRemoteSwiftPackageReference "Kingfisher" */ = {
			isa = XCRemoteSwiftPackageReference;
			repositoryURL = "https://github.com/onevcat/Kingfisher.git";
			requirement = {
				kind = upToNextMajorVersion;
				minimumVersion = 8.1.3;
			};
		};
/* End XCRemoteSwiftPackageReference section */

/* Begin XCSwiftPackageProductDependency section */
		5BBA510F2D18457300B4D169 /* Kingfisher */ = {
			isa = XCSwiftPackageProductDependency;
			package = 5BBA510B2D18428500B4D169 /* XCRemoteSwiftPackageReference "Kingfisher" */;
			productName = Kingfisher;
		};
/* End XCSwiftPackageProductDependency section */
	};
	rootObject = 5B75E6D92D109D0D009D2C80 /* Project object */;
}
